
Microsoft Visual Studio Solution File, Format Version 12.00
# Visual Studio Version 17
VisualStudioVersion = 17.2.32630.192
MinimumVisualStudioVersion = 10.0.40219.1
Project("{2150E333-8FDC-42A3-9474-1A3956D46DE8}") = "Mediator", "Mediator", "{165407C0-2EC4-4E9F-9995-7749B755FA6D}"
EndProject
Project("{9A19103F-16F7-4668-BE54-9A1E7A4F7556}") = "Mediator", "Mediator\Mediator.csproj", "{7AA06A1F-5530-4E44-84D4-ECA1D517DBF6}"
EndProject
Global
	GlobalSection(SolutionConfigurationPlatforms) = preSolution
		Debug|Any CPU = Debug|Any CPU
		Release|Any CPU = Release|Any CPU
	EndGlobalSection
	GlobalSection(ProjectConfigurationPlatforms) = postSolution
		{7AA06A1F-5530-4E44-84D4-ECA1D517DBF6}.Debug|Any CPU.ActiveCfg = Debug|Any CPU
		{7AA06A1F-5530-4E44-84D4-ECA1D517DBF6}.Debug|Any CPU.Build.0 = Debug|Any CPU
		{7AA06A1F-5530-4E44-84D4-ECA1D517DBF6}.Release|Any CPU.ActiveCfg = Release|Any CPU
		{7AA06A1F-5530-4E44-84D4-ECA1D517DBF6}.Release|Any CPU.Build.0 = Release|Any CPU
	EndGlobalSection
	GlobalSection(SolutionProperties) = preSolution
		HideSolutionNode = FALSE
	EndGlobalSection
	GlobalSection(NestedProjects) = preSolution
		{7AA06A1F-5530-4E44-84D4-ECA1D517DBF6} = {165407C0-2EC4-4E9F-9995-7749B755FA6D}
	EndGlobalSection
	GlobalSection(ExtensibilityGlobals) = postSolution
		SolutionGuid = {FFEBEC11-53A6-422F-B0C6-D88C7B85063A}
	EndGlobalSection
EndGlobal
